<?xml version="1.0" encoding="utf-8"?>
<Project ToolsVersion="4.0" xmlns="http://schemas.microsoft.com/developer/msbuild/2003">
  <ItemGroup>
    <Filter Include="Source Files">
      <UniqueIdentifier>{4FC737F1-C7A5-4376-A066-2A32D752A2FF}</UniqueIdentifier>
      <Extensions>cpp;c;cc;cxx;def;odl;idl;hpj;bat;asm;asmx</Extensions>
    </Filter>
    <Filter Include="Source Files\Engine">
      <UniqueIdentifier>{dc40550b-1ee8-40c1-aec5-0883b1d855fc}</UniqueIdentifier>
    </Filter>
    <Filter Include="Source Files\Wrapper">
      <UniqueIdentifier>{d6808485-311e-48ce-896b-43162fb77dc8}</UniqueIdentifier>
    </Filter>
  </ItemGroup>
  <ItemGroup>
    <ClInclude Include="Source\AnimatedMesh.h">
      <Filter>Source Files\Engine</Filter>
    </ClInclude>
    <ClInclude Include="Source\Array.h">
      <Filter>Source Files\Engine</Filter>
    </ClInclude>
    <ClInclude Include="Source\Buffer.h">
      <Filter>Source Files\Engine</Filter>
    </ClInclude>
    <ClInclude Include="Source\Camera.h">
      <Filter>Source Files\Engine</Filter>
    </ClInclude>
    <ClInclude Include="Source\CamRecording.h">
      <Filter>Source Files\Engine</Filter>
    </ClInclude>
    <ClInclude Include="Source\CursorControl.h">
      <Filter>Source Files\Engine</Filter>
    </ClInclude>
    <ClInclude Include="Source\DirectX.h">
      <Filter>Source Files\Engine</Filter>
    </ClInclude>
    <ClInclude Include="Source\DxManager.h">
      <Filter>Source Files\Engine</Filter>
    </ClInclude>
    <ClInclude Include="Source\DxManagerDebugging.h">
      <Filter>Source Files\Engine</Filter>
    </ClInclude>
    <ClInclude Include="Source\FPSCamera.h">
      <Filter>Source Files\Engine</Filter>
    </ClInclude>
    <ClInclude Include="Source\FXAA.h">
      <Filter>Source Files\Engine</Filter>
    </ClInclude>
    <ClInclude Include="Source\GraphicsEngineImp.h">
      <Filter>Source Files\Engine</Filter>
    </ClInclude>
    <ClInclude Include="Source\GraphicsEngineParameters.h">
      <Filter>Source Files\Engine</Filter>
    </ClInclude>
    <ClInclude Include="Source\Image.h">
      <Filter>Source Files\Engine</Filter>
    </ClInclude>
    <ClInclude Include="Source\Light.h">
      <Filter>Source Files\Engine</Filter>
    </ClInclude>
    <ClInclude Include="Source\MaloWFileDebug.h">
      <Filter>Source Files\Engine</Filter>
    </ClInclude>
    <ClInclude Include="Source\Material.h">
      <Filter>Source Files\Engine</Filter>
    </ClInclude>
    <ClInclude Include="Source\Mesh.h">
      <Filter>Source Files\Engine</Filter>
    </ClInclude>
    <ClInclude Include="Source\MeshStrip.h">
      <Filter>Source Files\Engine</Filter>
    </ClInclude>
    <ClInclude Include="Source\Object3D.h">
      <Filter>Source Files\Engine</Filter>
    </ClInclude>
    <ClInclude Include="Source\ObjLoader.h">
      <Filter>Source Files\Engine</Filter>
    </ClInclude>
    <ClInclude Include="Source\ParticleShader.h">
      <Filter>Source Files\Engine</Filter>
    </ClInclude>
    <ClInclude Include="Source\ParticleSystem.h">
      <Filter>Source Files\Engine</Filter>
    </ClInclude>
    <ClInclude Include="Source\ParticleSystemHandler.h">
      <Filter>Source Files\Engine</Filter>
    </ClInclude>
    <ClInclude Include="Source\Random.h">
      <Filter>Source Files\Engine</Filter>
    </ClInclude>
    <ClInclude Include="Source\RTSCamera.h">
      <Filter>Source Files\Engine</Filter>
    </ClInclude>
    <ClInclude Include="Source\Shader.h">
      <Filter>Source Files\Engine</Filter>
    </ClInclude>
    <ClInclude Include="Source\SkyBox.h">
      <Filter>Source Files\Engine</Filter>
    </ClInclude>
    <ClInclude Include="Source\SSAO.h">
      <Filter>Source Files\Engine</Filter>
    </ClInclude>
    <ClInclude Include="Source\StaticMesh.h">
      <Filter>Source Files\Engine</Filter>
    </ClInclude>
    <ClInclude Include="Source\Terrain.h">
      <Filter>Source Files\Engine</Filter>
    </ClInclude>
    <ClInclude Include="Source\Text.h">
      <Filter>Source Files\Engine</Filter>
    </ClInclude>
    <ClInclude Include="Source\TextureManager.h">
      <Filter>Source Files\Engine</Filter>
    </ClInclude>
    <ClInclude Include="Source\TRDCamera.h">
      <Filter>Source Files\Engine</Filter>
    </ClInclude>
    <ClInclude Include="Source\Vertex.h">
      <Filter>Source Files\Engine</Filter>
    </ClInclude>
    <ClInclude Include="Include\GraphicsEngine.h">
      <Filter>Source Files\Wrapper</Filter>
    </ClInclude>
    <ClInclude Include="Include\Vector.h">
      <Filter>Source Files\Wrapper</Filter>
    </ClInclude>
    <ClInclude Include="Include\iMesh.h">
      <Filter>Source Files\Wrapper</Filter>
    </ClInclude>
    <ClInclude Include="Include\iLight.h">
      <Filter>Source Files\Wrapper</Filter>
    </ClInclude>
    <ClInclude Include="Include\iImage.h">
      <Filter>Source Files\Wrapper</Filter>
    </ClInclude>
    <ClInclude Include="Include\iText.h">
      <Filter>Source Files\Wrapper</Filter>
    </ClInclude>
    <ClInclude Include="Include\iAnimatedMesh.h">
      <Filter>Source Files\Wrapper</Filter>
    </ClInclude>
    <ClInclude Include="Include\iCamera.h">
      <Filter>Source Files\Wrapper</Filter>
    </ClInclude>
    <ClInclude Include="Include\iTerrain.h">
      <Filter>Source Files\Wrapper</Filter>
    </ClInclude>
    <ClInclude Include="Source\KeyListener.h">
      <Filter>Source Files\Engine</Filter>
    </ClInclude>
  </ItemGroup>
  <ItemGroup>
    <ClCompile Include="Source\AnimatedMesh.cpp">
      <Filter>Source Files\Engine</Filter>
    </ClCompile>
    <ClCompile Include="Source\Buffer.cpp">
      <Filter>Source Files\Engine</Filter>
    </ClCompile>
    <ClCompile Include="Source\Camera.cpp">
      <Filter>Source Files\Engine</Filter>
    </ClCompile>
    <ClCompile Include="Source\CamRecording.cpp">
      <Filter>Source Files\Engine</Filter>
    </ClCompile>
    <ClCompile Include="Source\DxManager.cpp">
      <Filter>Source Files\Engine</Filter>
    </ClCompile>
    <ClCompile Include="Source\DxManagerDeferred.cpp">
      <Filter>Source Files\Engine</Filter>
    </ClCompile>
    <ClCompile Include="Source\DxManagerForwardRendering.cpp">
      <Filter>Source Files\Engine</Filter>
    </ClCompile>
    <ClCompile Include="Source\DxManagerInit.cpp">
      <Filter>Source Files\Engine</Filter>
    </ClCompile>
    <ClCompile Include="Source\DxManagerPostProcess.cpp">
      <Filter>Source Files\Engine</Filter>
    </ClCompile>
    <ClCompile Include="Source\DxManagerRender.cpp">
      <Filter>Source Files\Engine</Filter>
    </ClCompile>
    <ClCompile Include="Source\FPSCamera.cpp">
      <Filter>Source Files\Engine</Filter>
    </ClCompile>
    <ClCompile Include="Source\FXAA.cpp">
      <Filter>Source Files\Engine</Filter>
    </ClCompile>
    <ClCompile Include="Source\GraphicsEngineImp.cpp">
      <Filter>Source Files\Engine</Filter>
    </ClCompile>
    <ClCompile Include="Source\GraphicsEngineParameters.cpp">
      <Filter>Source Files\Engine</Filter>
    </ClCompile>
    <ClCompile Include="Source\Image.cpp">
      <Filter>Source Files\Engine</Filter>
    </ClCompile>
    <ClCompile Include="Source\KeyListener.cpp">
      <Filter>Source Files\Engine</Filter>
    </ClCompile>
    <ClCompile Include="Source\Light.cpp">
      <Filter>Source Files\Engine</Filter>
    </ClCompile>
    <ClCompile Include="Source\Mesh.cpp">
      <Filter>Source Files\Engine</Filter>
    </ClCompile>
    <ClCompile Include="Source\MeshStrip.cpp">
      <Filter>Source Files\Engine</Filter>
    </ClCompile>
    <ClCompile Include="Source\Object3D.cpp">
      <Filter>Source Files\Engine</Filter>
    </ClCompile>
    <ClCompile Include="Source\ObjLoader.cpp">
      <Filter>Source Files\Engine</Filter>
    </ClCompile>
    <ClCompile Include="Source\ParticleShader.cpp">
      <Filter>Source Files\Engine</Filter>
    </ClCompile>
    <ClCompile Include="Source\ParticleSystem.cpp">
      <Filter>Source Files\Engine</Filter>
    </ClCompile>
    <ClCompile Include="Source\ParticleSystemsHandler.cpp">
      <Filter>Source Files\Engine</Filter>
    </ClCompile>
    <ClCompile Include="Source\Process.cpp">
      <Filter>Source Files\Engine</Filter>
    </ClCompile>
    <ClCompile Include="Source\RTSCamera.cpp">
      <Filter>Source Files\Engine</Filter>
    </ClCompile>
    <ClCompile Include="Source\Shader.cpp">
      <Filter>Source Files\Engine</Filter>
    </ClCompile>
    <ClCompile Include="Source\SkyBox.cpp">
      <Filter>Source Files\Engine</Filter>
    </ClCompile>
    <ClCompile Include="Source\SSAO.cpp">
      <Filter>Source Files\Engine</Filter>
    </ClCompile>
    <ClCompile Include="Source\StaticMesh.cpp">
      <Filter>Source Files\Engine</Filter>
    </ClCompile>
    <ClCompile Include="Source\TCBSpline.cpp">
      <Filter>Source Files\Engine</Filter>
    </ClCompile>
    <ClCompile Include="Source\Terrain.cpp">
      <Filter>Source Files\Engine</Filter>
    </ClCompile>
    <ClCompile Include="Source\Text.cpp">
      <Filter>Source Files\Engine</Filter>
    </ClCompile>
    <ClCompile Include="Source\TextureManager.cpp">
      <Filter>Source Files\Engine</Filter>
    </ClCompile>
    <ClCompile Include="Source\TRDCamera.cpp">
      <Filter>Source Files\Engine</Filter>
    </ClCompile>
    <ClCompile Include="Source\GraphicsEngine.cpp">
      <Filter>Source Files\Wrapper</Filter>
    </ClCompile>
  </ItemGroup>
  <ItemGroup>
    <Text Include="Include\iKeyListener.h">
      <Filter>Source Files\Wrapper</Filter>
    </Text>
  </ItemGroup>
</Project>