<?xml version="1.0" encoding="utf-8"?>
<Project ToolsVersion="4.0" xmlns="http://schemas.microsoft.com/developer/msbuild/2003">
  <ItemGroup>
    <Filter Include="Source Files">
      <UniqueIdentifier>{4FC737F1-C7A5-4376-A066-2A32D752A2FF}</UniqueIdentifier>
      <Extensions>cpp;c;cc;cxx;def;odl;idl;hpj;bat;asm;asmx</Extensions>
    </Filter>
    <Filter Include="Source Files\Engine">
      <UniqueIdentifier>{dc40550b-1ee8-40c1-aec5-0883b1d855fc}</UniqueIdentifier>
    </Filter>
    <Filter Include="Source Files\Wrapper">
      <UniqueIdentifier>{d6808485-311e-48ce-896b-43162fb77dc8}</UniqueIdentifier>
    </Filter>
    <Filter Include="Source Files\Engine\Shaders">
      <UniqueIdentifier>{a1c313c8-7463-4790-8fb3-8499cdabb027}</UniqueIdentifier>
    </Filter>
    <Filter Include="Source Files\Engine\Other">
      <UniqueIdentifier>{4e164422-c1ea-4648-a66a-dbaa4e104c46}</UniqueIdentifier>
    </Filter>
    <Filter Include="Source Files\Engine\DxMan and Techs">
      <UniqueIdentifier>{2624e571-2faf-4138-ab31-3bf79ae04c7e}</UniqueIdentifier>
    </Filter>
    <Filter Include="Source Files\Engine\Objects and Entities">
      <UniqueIdentifier>{bcc9edcb-022d-4b14-a344-1615563c1c23}</UniqueIdentifier>
    </Filter>
    <Filter Include="Source Files\Engine\Other\ParticleSystem">
      <UniqueIdentifier>{5c147af9-15dc-4a9d-92e0-d08c7bff6c0d}</UniqueIdentifier>
    </Filter>
    <Filter Include="Source Files\Engine\FBX">
      <UniqueIdentifier>{6d7bc0bb-8778-4913-af64-4d2459c83f8f}</UniqueIdentifier>
    </Filter>
  </ItemGroup>
  <ItemGroup>
    <ClInclude Include="Source\GraphicsEngineImp.h">
      <Filter>Source Files\Engine</Filter>
    </ClInclude>
    <ClInclude Include="Include\GraphicsEngine.h">
      <Filter>Source Files\Wrapper</Filter>
    </ClInclude>
    <ClInclude Include="Include\Vector.h">
      <Filter>Source Files\Wrapper</Filter>
    </ClInclude>
    <ClInclude Include="Include\iMesh.h">
      <Filter>Source Files\Wrapper</Filter>
    </ClInclude>
    <ClInclude Include="Include\iLight.h">
      <Filter>Source Files\Wrapper</Filter>
    </ClInclude>
    <ClInclude Include="Include\iImage.h">
      <Filter>Source Files\Wrapper</Filter>
    </ClInclude>
    <ClInclude Include="Include\iText.h">
      <Filter>Source Files\Wrapper</Filter>
    </ClInclude>
    <ClInclude Include="Include\iAnimatedMesh.h">
      <Filter>Source Files\Wrapper</Filter>
    </ClInclude>
    <ClInclude Include="Include\iCamera.h">
      <Filter>Source Files\Wrapper</Filter>
    </ClInclude>
    <ClInclude Include="Include\iTerrain.h">
      <Filter>Source Files\Wrapper</Filter>
    </ClInclude>
    <ClInclude Include="Include\iGraphicsEngineParams.h">
      <Filter>Source Files\Wrapper</Filter>
    </ClInclude>
    <ClInclude Include="Include\iPhysicsEngine.h">
      <Filter>Source Files\Wrapper</Filter>
    </ClInclude>
    <ClInclude Include="Include\Matrix.h">
      <Filter>Source Files\Wrapper</Filter>
    </ClInclude>
    <ClInclude Include="Source\DxManager.h">
      <Filter>Source Files\Engine\DxMan and Techs</Filter>
    </ClInclude>
    <ClInclude Include="Source\DxManagerDebugging.h">
      <Filter>Source Files\Engine\DxMan and Techs</Filter>
    </ClInclude>
    <ClInclude Include="Source\DxManagerEvents.h">
      <Filter>Source Files\Engine\DxMan and Techs</Filter>
    </ClInclude>
    <ClInclude Include="Source\Array.h">
      <Filter>Source Files\Engine\Other</Filter>
    </ClInclude>
    <ClInclude Include="Source\Buffer.h">
      <Filter>Source Files\Engine\Other</Filter>
    </ClInclude>
    <ClInclude Include="Source\CamRecording.h">
      <Filter>Source Files\Engine\Other</Filter>
    </ClInclude>
    <ClInclude Include="Source\CascadedShadowMap.h">
      <Filter>Source Files\Engine\DxMan and Techs</Filter>
    </ClInclude>
    <ClInclude Include="Source\DirectX.h">
      <Filter>Source Files\Engine\DxMan and Techs</Filter>
    </ClInclude>
    <ClInclude Include="Source\MaloWFileDebug.h">
      <Filter>Source Files\Engine\Other</Filter>
    </ClInclude>
    <ClInclude Include="Source\ObjLoader.h">
      <Filter>Source Files\Engine\Other</Filter>
    </ClInclude>
    <ClInclude Include="Source\Random.h">
      <Filter>Source Files\Engine\Other</Filter>
    </ClInclude>
    <ClInclude Include="Source\ReferenceCounted.h">
      <Filter>Source Files\Engine\Other</Filter>
    </ClInclude>
    <ClInclude Include="Source\Windows.h">
      <Filter>Source Files\Engine\Other</Filter>
    </ClInclude>
    <ClInclude Include="Source\FXAA.h">
      <Filter>Source Files\Engine\DxMan and Techs</Filter>
    </ClInclude>
    <ClInclude Include="Source\AnimatedMesh.h">
      <Filter>Source Files\Engine\Objects and Entities</Filter>
    </ClInclude>
    <ClInclude Include="Source\Camera.h">
      <Filter>Source Files\Engine\Objects and Entities</Filter>
    </ClInclude>
    <ClInclude Include="Source\FPSCamera.h">
      <Filter>Source Files\Engine\Objects and Entities</Filter>
    </ClInclude>
    <ClInclude Include="Source\Image.h">
      <Filter>Source Files\Engine\Objects and Entities</Filter>
    </ClInclude>
    <ClInclude Include="Source\KeyListener.h">
      <Filter>Source Files\Engine\Objects and Entities</Filter>
    </ClInclude>
    <ClInclude Include="Source\Light.h">
      <Filter>Source Files\Engine\Objects and Entities</Filter>
    </ClInclude>
    <ClInclude Include="Source\Mesh.h">
      <Filter>Source Files\Engine\Objects and Entities</Filter>
    </ClInclude>
    <ClInclude Include="Source\MeshStrip.h">
      <Filter>Source Files\Engine\Objects and Entities</Filter>
    </ClInclude>
    <ClInclude Include="Source\Object3D.h">
      <Filter>Source Files\Engine\Objects and Entities</Filter>
    </ClInclude>
    <ClInclude Include="Source\RTSCamera.h">
      <Filter>Source Files\Engine\Objects and Entities</Filter>
    </ClInclude>
    <ClInclude Include="Source\SkyBox.h">
      <Filter>Source Files\Engine\Objects and Entities</Filter>
    </ClInclude>
    <ClInclude Include="Source\StaticMesh.h">
      <Filter>Source Files\Engine\Objects and Entities</Filter>
    </ClInclude>
    <ClInclude Include="Source\Terrain.h">
      <Filter>Source Files\Engine\Objects and Entities</Filter>
    </ClInclude>
    <ClInclude Include="Source\Text.h">
      <Filter>Source Files\Engine\Objects and Entities</Filter>
    </ClInclude>
    <ClInclude Include="Source\TRDCamera.h">
      <Filter>Source Files\Engine\Objects and Entities</Filter>
    </ClInclude>
    <ClInclude Include="Source\SSAO.h">
      <Filter>Source Files\Engine\DxMan and Techs</Filter>
    </ClInclude>
    <ClInclude Include="Source\Shader.h">
      <Filter>Source Files\Engine\DxMan and Techs</Filter>
    </ClInclude>
    <ClInclude Include="Source\CursorControl.h">
      <Filter>Source Files\Engine\Objects and Entities</Filter>
    </ClInclude>
    <ClInclude Include="Source\ParticleShader.h">
      <Filter>Source Files\Engine\Other\ParticleSystem</Filter>
    </ClInclude>
    <ClInclude Include="Source\ParticleSystem.h">
      <Filter>Source Files\Engine\Other\ParticleSystem</Filter>
    </ClInclude>
    <ClInclude Include="Source\ParticleSystemHandler.h">
      <Filter>Source Files\Engine\Other\ParticleSystem</Filter>
    </ClInclude>
    <ClInclude Include="Source\Vertex.h">
      <Filter>Source Files\Engine\Other</Filter>
    </ClInclude>
    <ClInclude Include="Source\GraphicsEngineParameters.h">
      <Filter>Source Files\Engine\Objects and Entities</Filter>
    </ClInclude>
    <ClInclude Include="Source\ResourceManager.h">
      <Filter>Source Files\Engine\DxMan and Techs</Filter>
    </ClInclude>
    <ClInclude Include="Source\Material.h">
      <Filter>Source Files\Engine\Other</Filter>
    </ClInclude>
    <ClInclude Include="Source\PhysicsEngine.h">
      <Filter>Source Files\Engine\Other</Filter>
    </ClInclude>
    <ClInclude Include="Source\BoundingSphere.h">
      <Filter>Source Files\Engine\Objects and Entities</Filter>
    </ClInclude>
    <ClInclude Include="Source\TextureResource.h">
      <Filter>Source Files\Engine\DxMan and Techs</Filter>
    </ClInclude>
    <ClInclude Include="Source\BufferResource.h">
      <Filter>Source Files\Engine\DxMan and Techs</Filter>
    </ClInclude>
    <ClInclude Include="Source\Process.h">
      <Filter>Source Files\Engine\Other</Filter>
    </ClInclude>
    <ClInclude Include="Include\iWaterPlane.h">
      <Filter>Source Files\Wrapper</Filter>
    </ClInclude>
    <ClInclude Include="Source\WaterPlane.h">
      <Filter>Source Files\Engine\Objects and Entities</Filter>
    </ClInclude>
    <ClInclude Include="Include\iFBXMesh.h">
      <Filter>Source Files\Wrapper</Filter>
    </ClInclude>
    <ClInclude Include="Source\ObjectDataResource.h">
      <Filter>Source Files\Engine\DxMan and Techs</Filter>
    </ClInclude>
    <ClInclude Include="Source\FBXMesh.h">
      <Filter>Source Files\Engine\Objects and Entities</Filter>
    </ClInclude>
    <ClInclude Include="Source\Billboard.h">
      <Filter>Source Files\Engine\Objects and Entities</Filter>
    </ClInclude>
    <ClInclude Include="Include\iBillboard.h">
      <Filter>Source Files\Wrapper</Filter>
    </ClInclude>
    <ClInclude Include="Source\MeshStripsResource.h">
      <Filter>Source Files\Engine\DxMan and Techs</Filter>
    </ClInclude>
    <ClInclude Include="Source\InstancingHelper.h">
      <Filter>Source Files\Engine\DxMan and Techs</Filter>
    </ClInclude>
    <ClInclude Include="Source\BTHFBX\Shared\FBX\FBXModelD3D.h">
      <Filter>Source Files\Engine\FBX</Filter>
    </ClInclude>
    <ClInclude Include="Source\BTHFBX\Shared\FBX\FBXModelPartD3D.h">
      <Filter>Source Files\Engine\FBX</Filter>
    </ClInclude>
    <ClInclude Include="Source\BTHFBX\Shared\FBX\FBXModelPartDataD3D.h">
      <Filter>Source Files\Engine\FBX</Filter>
    </ClInclude>
    <ClInclude Include="Source\BTHFBX\Shared\FBX\FBXSceneD3D.h">
      <Filter>Source Files\Engine\FBX</Filter>
    </ClInclude>
    <ClInclude Include="Source\BTHFBX\Shared\Helpers\CatmullCurve.h">
      <Filter>Source Files\Engine\FBX</Filter>
    </ClInclude>
    <ClInclude Include="Source\BTHFBX\Shared\Helpers\LineDrawer.h">
      <Filter>Source Files\Engine\FBX</Filter>
    </ClInclude>
    <ClInclude Include="Source\BTHFBX\Shared\Helpers\BTHCamera.h">
      <Filter>Source Files\Engine\FBX</Filter>
    </ClInclude>
    <ClInclude Include="Source\BTHFBX\Shared\Helpers\BTHResourceManager.h">
      <Filter>Source Files\Engine\FBX</Filter>
    </ClInclude>
    <ClInclude Include="Source\BTHFBX\Shared\D3D\Buffer.h">
      <Filter>Source Files\Engine\FBX</Filter>
    </ClInclude>
    <ClInclude Include="Source\BTHFBX\Shared\D3D\Device3D.h">
      <Filter>Source Files\Engine\FBX</Filter>
    </ClInclude>
    <ClInclude Include="Source\BTHFBX\Shared\D3D\RenderTarget.h">
      <Filter>Source Files\Engine\FBX</Filter>
    </ClInclude>
    <ClInclude Include="Source\BTHFBX\Shared\D3D\Shader.h">
      <Filter>Source Files\Engine\FBX</Filter>
    </ClInclude>
    <ClInclude Include="Source\BTHFBX\Shared\D3D\Utils.h">
      <Filter>Source Files\Engine\FBX</Filter>
    </ClInclude>
    <ClInclude Include="Source\BTHFBX\Shared\D3D\BTHTexture.h">
      <Filter>Source Files\Engine\FBX</Filter>
    </ClInclude>
    <ClInclude Include="Include\iDecal.h">
      <Filter>Source Files\Wrapper</Filter>
    </ClInclude>
    <ClInclude Include="Source\Decal.h">
      <Filter>Source Files\Engine\Objects and Entities</Filter>
    </ClInclude>
    <ClCompile Include="Source\GraphicsEngineImp.cpp">
      <Filter>Source Files\Engine</Filter>
    </ClCompile>
    <ClCompile Include="Source\GraphicsEngine.cpp">
      <Filter>Source Files\Wrapper</Filter>
    </ClCompile>
    <ClCompile Include="Source\DxManager.cpp">
      <Filter>Source Files\Engine\DxMan and Techs</Filter>
    </ClCompile>
    <ClCompile Include="Source\DxManagerDeferred.cpp">
      <Filter>Source Files\Engine\DxMan and Techs</Filter>
    </ClCompile>
    <ClCompile Include="Source\DxManagerForwardRendering.cpp">
      <Filter>Source Files\Engine\DxMan and Techs</Filter>
    </ClCompile>
    <ClCompile Include="Source\DxManagerInit.cpp">
      <Filter>Source Files\Engine\DxMan and Techs</Filter>
    </ClCompile>
    <ClCompile Include="Source\DxManagerPostProcess.cpp">
      <Filter>Source Files\Engine\DxMan and Techs</Filter>
    </ClCompile>
    <ClCompile Include="Source\DxManagerRender.cpp">
      <Filter>Source Files\Engine\DxMan and Techs</Filter>
    </ClCompile>
    <ClCompile Include="Source\Buffer.cpp">
      <Filter>Source Files\Engine\Other</Filter>
    </ClCompile>
    <ClCompile Include="Source\CamRecording.cpp">
      <Filter>Source Files\Engine\Other</Filter>
    </ClCompile>
    <ClCompile Include="Source\CascadedShadowMap.cpp">
      <Filter>Source Files\Engine\DxMan and Techs</Filter>
    </ClCompile>
    <ClCompile Include="Source\FXAA.cpp">
      <Filter>Source Files\Engine\DxMan and Techs</Filter>
    </ClCompile>
    <ClCompile Include="Source\ObjLoader.cpp">
      <Filter>Source Files\Engine\Other</Filter>
    </ClCompile>
    <ClCompile Include="Source\Process.cpp">
      <Filter>Source Files\Engine\Other</Filter>
    </ClCompile>
    <ClCompile Include="Source\AnimatedMesh.cpp">
      <Filter>Source Files\Engine\Objects and Entities</Filter>
    </ClCompile>
    <ClCompile Include="Source\Camera.cpp">
      <Filter>Source Files\Engine\Objects and Entities</Filter>
    </ClCompile>
    <ClCompile Include="Source\FPSCamera.cpp">
      <Filter>Source Files\Engine\Objects and Entities</Filter>
    </ClCompile>
    <ClCompile Include="Source\Image.cpp">
      <Filter>Source Files\Engine\Objects and Entities</Filter>
    </ClCompile>
    <ClCompile Include="Source\KeyListener.cpp">
      <Filter>Source Files\Engine\Objects and Entities</Filter>
    </ClCompile>
    <ClCompile Include="Source\Light.cpp">
      <Filter>Source Files\Engine\Objects and Entities</Filter>
    </ClCompile>
    <ClCompile Include="Source\Mesh.cpp">
      <Filter>Source Files\Engine\Objects and Entities</Filter>
    </ClCompile>
    <ClCompile Include="Source\MeshStrip.cpp">
      <Filter>Source Files\Engine\Objects and Entities</Filter>
    </ClCompile>
    <ClCompile Include="Source\Object3D.cpp">
      <Filter>Source Files\Engine\Objects and Entities</Filter>
    </ClCompile>
    <ClCompile Include="Source\RTSCamera.cpp">
      <Filter>Source Files\Engine\Objects and Entities</Filter>
    </ClCompile>
    <ClCompile Include="Source\SkyBox.cpp">
      <Filter>Source Files\Engine\Objects and Entities</Filter>
    </ClCompile>
    <ClCompile Include="Source\StaticMesh.cpp">
      <Filter>Source Files\Engine\Objects and Entities</Filter>
    </ClCompile>
    <ClCompile Include="Source\Terrain.cpp">
      <Filter>Source Files\Engine\Objects and Entities</Filter>
    </ClCompile>
    <ClCompile Include="Source\Text.cpp">
      <Filter>Source Files\Engine\Objects and Entities</Filter>
    </ClCompile>
    <ClCompile Include="Source\TRDCamera.cpp">
      <Filter>Source Files\Engine\Objects and Entities</Filter>
    </ClCompile>
    <ClCompile Include="Source\SSAO.cpp">
      <Filter>Source Files\Engine\DxMan and Techs</Filter>
    </ClCompile>
    <ClCompile Include="Source\Shader.cpp">
      <Filter>Source Files\Engine\DxMan and Techs</Filter>
    </ClCompile>
    <ClCompile Include="Source\TCBSpline.cpp">
      <Filter>Source Files\Engine\Other</Filter>
    </ClCompile>
    <ClCompile Include="Source\ParticleShader.cpp">
      <Filter>Source Files\Engine\Other\ParticleSystem</Filter>
    </ClCompile>
    <ClCompile Include="Source\ParticleSystem.cpp">
      <Filter>Source Files\Engine\Other\ParticleSystem</Filter>
    </ClCompile>
    <ClCompile Include="Source\ParticleSystemsHandler.cpp">
      <Filter>Source Files\Engine\Other\ParticleSystem</Filter>
    </ClCompile>
    <ClCompile Include="Source\GraphicsEngineParameters.cpp">
      <Filter>Source Files\Engine\Objects and Entities</Filter>
    </ClCompile>
    <ClCompile Include="Source\ResourceManager.cpp">
      <Filter>Source Files\Engine\DxMan and Techs</Filter>
    </ClCompile>
    <ClCompile Include="Source\PhysicsEngine.cpp">
      <Filter>Source Files\Engine\Other</Filter>
    </ClCompile>
    <ClCompile Include="Source\TextureResource.cpp">
      <Filter>Source Files\Engine\DxMan and Techs</Filter>
    </ClCompile>
    <ClCompile Include="Source\BufferResource.cpp">
      <Filter>Source Files\Engine\DxMan and Techs</Filter>
    </ClCompile>
    <ClCompile Include="Source\WaterPlane.cpp">
      <Filter>Source Files\Engine\Objects and Entities</Filter>
    </ClCompile>
    <ClCompile Include="Source\ObjectDataResource.cpp">
      <Filter>Source Files\Engine\DxMan and Techs</Filter>
    </ClCompile>
    <ClCompile Include="Source\FBXMesh.cpp">
      <Filter>Source Files\Engine\Objects and Entities</Filter>
    </ClCompile>
    <ClCompile Include="Source\Billboard.cpp">
      <Filter>Source Files\Engine\Objects and Entities</Filter>
    </ClCompile>
    <ClCompile Include="Source\MeshStripsResource.cpp">
      <Filter>Source Files\Engine\DxMan and Techs</Filter>
    </ClCompile>
    <ClCompile Include="Source\InstancingHelper.cpp">
      <Filter>Source Files\Engine\DxMan and Techs</Filter>
    </ClCompile>
    <ClCompile Include="Source\BTHFBX\Shared\FBX\FBXModelD3D.cpp">
      <Filter>Source Files\Engine\FBX</Filter>
    </ClCompile>
    <ClCompile Include="Source\BTHFBX\Shared\FBX\FBXModelPartD3D.cpp">
      <Filter>Source Files\Engine\FBX</Filter>
    </ClCompile>
    <ClCompile Include="Source\BTHFBX\Shared\FBX\FBXModelPartDataD3D.cpp">
      <Filter>Source Files\Engine\FBX</Filter>
    </ClCompile>
    <ClCompile Include="Source\BTHFBX\Shared\FBX\FBXSceneD3D.cpp">
      <Filter>Source Files\Engine\FBX</Filter>
    </ClCompile>
    <ClCompile Include="Source\BTHFBX\Shared\Helpers\BTHResourceManager.cpp">
      <Filter>Source Files\Engine\FBX</Filter>
    </ClCompile>
    <ClCompile Include="Source\BTHFBX\Shared\D3D\BTHTexture.cpp">
      <Filter>Source Files\Engine\FBX</Filter>
    </ClCompile>
    <ClCompile Include="Source\Decal.cpp">
      <Filter>Source Files\Engine\Objects and Entities</Filter>
    </ClCompile>
    <ClInclude Include="Source\MaloWPerformance.h">
      <Filter>Source Files\Engine\Other</Filter>
    </ClInclude>
    <ClInclude Include="Source\DxManagerHelperThread.h">
      <Filter>Source Files\Engine\DxMan and Techs</Filter>
    </ClInclude>
    <ClInclude Include="Source\BillboardCollection.h">
      <Filter>Source Files\Engine\Objects and Entities</Filter>
    </ClInclude>
    <ClInclude Include="Include\iBillboardCollection.h">
      <Filter>Source Files\Wrapper</Filter>
    </ClInclude>
  </ItemGroup>
  <ItemGroup>
    <Text Include="Include\iKeyListener.h">
      <Filter>Source Files\Wrapper</Filter>
    </Text>
  </ItemGroup>
  <ItemGroup>
    <FxCompile Include="..\WorkingDir\Shaders\DebugBoundingSpheres.fx">
      <Filter>Source Files\Engine\Shaders</Filter>
    </FxCompile>
    <FxCompile Include="..\WorkingDir\Shaders\DebugNormals.fx">
      <Filter>Source Files\Engine\Shaders</Filter>
    </FxCompile>
    <FxCompile Include="..\WorkingDir\Shaders\DebugWireframe.fx">
      <Filter>Source Files\Engine\Shaders</Filter>
    </FxCompile>
    <FxCompile Include="..\WorkingDir\Shaders\DeferredAnimatedGeometry.fx">
      <Filter>Source Files\Engine\Shaders</Filter>
    </FxCompile>
    <FxCompile Include="..\WorkingDir\Shaders\DeferredGeometry.fx">
      <Filter>Source Files\Engine\Shaders</Filter>
    </FxCompile>
    <FxCompile Include="..\WorkingDir\Shaders\DeferredLightning.fx">
      <Filter>Source Files\Engine\Shaders</Filter>
    </FxCompile>
    <FxCompile Include="..\WorkingDir\Shaders\DeferredQuad.fx">
      <Filter>Source Files\Engine\Shaders</Filter>
    </FxCompile>
    <FxCompile Include="..\WorkingDir\Shaders\DeferredTexture.fx">
      <Filter>Source Files\Engine\Shaders</Filter>
    </FxCompile>
    <FxCompile Include="..\WorkingDir\Shaders\ForwardRendering.fx">
      <Filter>Source Files\Engine\Shaders</Filter>
    </FxCompile>
    <FxCompile Include="..\WorkingDir\Shaders\FXAA.fx">
      <Filter>Source Files\Engine\Shaders</Filter>
    </FxCompile>
    <FxCompile Include="..\WorkingDir\Shaders\InvisibilityEffect.fx">
      <Filter>Source Files\Engine\Shaders</Filter>
    </FxCompile>
    <FxCompile Include="..\WorkingDir\Shaders\Lines.fx">
      <Filter>Source Files\Engine\Shaders</Filter>
    </FxCompile>
    <FxCompile Include="..\WorkingDir\Shaders\PPHighlightArea.fx">
      <Filter>Source Files\Engine\Shaders</Filter>
    </FxCompile>
    <FxCompile Include="..\WorkingDir\Shaders\ShadowMap.fx">
      <Filter>Source Files\Engine\Shaders</Filter>
    </FxCompile>
    <FxCompile Include="..\WorkingDir\Shaders\ShadowMapAnimated.fx">
      <Filter>Source Files\Engine\Shaders</Filter>
    </FxCompile>
    <FxCompile Include="..\WorkingDir\Shaders\SkyBox.fx">
      <Filter>Source Files\Engine\Shaders</Filter>
    </FxCompile>
    <FxCompile Include="..\WorkingDir\Shaders\SSAO.fx">
      <Filter>Source Files\Engine\Shaders</Filter>
    </FxCompile>
    <FxCompile Include="..\WorkingDir\Shaders\stdafx.fx">
      <Filter>Source Files\Engine\Shaders</Filter>
    </FxCompile>
    <FxCompile Include="..\WorkingDir\Shaders\Terrain.fx">
      <Filter>Source Files\Engine\Shaders</Filter>
    </FxCompile>
    <FxCompile Include="..\WorkingDir\Shaders\TerrainEditor.fx">
      <Filter>Source Files\Engine\Shaders</Filter>
    </FxCompile>
    <FxCompile Include="..\WorkingDir\Shaders\TextRenderer.fx">
      <Filter>Source Files\Engine\Shaders</Filter>
    </FxCompile>
    <FxCompile Include="..\WorkingDir\Shaders\WaterPlane.fx">
      <Filter>Source Files\Engine\Shaders</Filter>
    </FxCompile>
    <FxCompile Include="..\WorkingDir\Shaders\Image.fx">
      <Filter>Source Files\Engine\Shaders</Filter>
    </FxCompile>
    <FxCompile Include="..\WorkingDir\Shaders\DeferredGeoTranslucent.fx">
      <Filter>Source Files\Engine\Shaders</Filter>
    </FxCompile>
    <FxCompile Include="..\WorkingDir\Shaders\DeferredPerPixelTranslucent.fx">
      <Filter>Source Files\Engine\Shaders</Filter>
    </FxCompile>
    <FxCompile Include="..\WorkingDir\Shaders\BillboardInstanced.fx">
      <Filter>Source Files\Engine\Shaders</Filter>
    </FxCompile>
    <FxCompile Include="..\WorkingDir\Shaders\DeferredGeometryInstanced.fx">
      <Filter>Source Files\Engine\Shaders</Filter>
    </FxCompile>
    <FxCompile Include="..\WorkingDir\Shaders\Decal.fx">
      <Filter>Source Files\Engine\Shaders</Filter>
    </FxCompile>
    <FxCompile Include="..\WorkingDir\Shaders\ShadowMapBillboardInstanced.fx">
      <Filter>Source Files\Engine\Shaders</Filter>
    </FxCompile>
    <FxCompile Include="..\WorkingDir\Shaders\FogEnclosement.fx">
      <Filter>Source Files\Engine\Shaders</Filter>
    </FxCompile>
    <FxCompile Include="..\WorkingDir\Shaders\DeferredFBX.fx">
      <Filter>Source Files\Engine\Shaders</Filter>
    </FxCompile>
    <FxCompile Include="..\WorkingDir\Shaders\ShadowMapFBX.fx">
      <Filter>Source Files\Engine\Shaders</Filter>
    </FxCompile>
    <FxCompile Include="..\WorkingDir\Shaders\DeferredAnimatedGeometryInstanced.fx">
      <Filter>Source Files\Engine\Shaders</Filter>
    </FxCompile>
    <FxCompile Include="..\WorkingDir\Shaders\ShadowMapInstanced.fx">
      <Filter>Source Files\Engine\Shaders</Filter>
    </FxCompile>
    <FxCompile Include="..\WorkingDir\Shaders\ShadowMapAnimatedInstanced.fx">
      <Filter>Source Files\Engine\Shaders</Filter>
    </FxCompile>
  </ItemGroup>
  <ItemGroup>
    <ClCompile Include="Source\MaloWPerformance.cpp">
      <Filter>Source Files\Engine\Other</Filter>
    </ClCompile>
    <ClCompile Include="Source\DxManagerEventHandling.cpp">
      <Filter>Source Files\Engine\DxMan and Techs</Filter>
    </ClCompile>
    <ClCompile Include="Source\DxManagerHelperThread.cpp">
      <Filter>Source Files\Engine\DxMan and Techs</Filter>
    </ClCompile>
    <ClCompile Include="Source\BillboardCollection.cpp">
      <Filter>Source Files\Engine\Objects and Entities</Filter>
    </ClCompile>
  </ItemGroup>
</Project>